
Microsoft Visual Studio Solution File, Format Version 12.00
# Visual Studio Version 17
VisualStudioVersion = 17.9.34701.34
MinimumVisualStudioVersion = 10.0.40219.1
Project("{FAE04EC0-301F-11D3-BF4B-00C04F79EFBC}") = "ForI", "ConsoleAppVII\ForI.csproj", "{EA120224-4339-47FB-A85B-B63E71CCF7E5}"
EndProject
Project("{FAE04EC0-301F-11D3-BF4B-00C04F79EFBC}") = "ForII", "ForII\ForII.csproj", "{BBB09B23-8E6D-4596-8C68-ED53E48A7CEA}"
EndProject
Global
	GlobalSection(SolutionConfigurationPlatforms) = preSolution
		Debug|Any CPU = Debug|Any CPU
		Release|Any CPU = Release|Any CPU
	EndGlobalSection
	GlobalSection(ProjectConfigurationPlatforms) = postSolution
		{EA120224-4339-47FB-A85B-B63E71CCF7E5}.Debug|Any CPU.ActiveCfg = Debug|Any CPU
		{EA120224-4339-47FB-A85B-B63E71CCF7E5}.Debug|Any CPU.Build.0 = Debug|Any CPU
		{EA120224-4339-47FB-A85B-B63E71CCF7E5}.Release|Any CPU.ActiveCfg = Release|Any CPU
		{EA120224-4339-47FB-A85B-B63E71CCF7E5}.Release|Any CPU.Build.0 = Release|Any CPU
		{BBB09B23-8E6D-4596-8C68-ED53E48A7CEA}.Debug|Any CPU.ActiveCfg = Debug|Any CPU
		{BBB09B23-8E6D-4596-8C68-ED53E48A7CEA}.Debug|Any CPU.Build.0 = Debug|Any CPU
		{BBB09B23-8E6D-4596-8C68-ED53E48A7CEA}.Release|Any CPU.ActiveCfg = Release|Any CPU
		{BBB09B23-8E6D-4596-8C68-ED53E48A7CEA}.Release|Any CPU.Build.0 = Release|Any CPU
	EndGlobalSection
	GlobalSection(SolutionProperties) = preSolution
		HideSolutionNode = FALSE
	EndGlobalSection
	GlobalSection(ExtensibilityGlobals) = postSolution
		SolutionGuid = {D9AAD71B-F41D-4B98-B735-2E55896CBC17}
	EndGlobalSection
EndGlobal
